
Microsoft Visual Studio Solution File, Format Version 12.00
# Visual Studio Version 17
VisualStudioVersion = 17.4.33603.86
MinimumVisualStudioVersion = 10.0.40219.1
Project("{FAE04EC0-301F-11D3-BF4B-00C04F79EFBC}") = "AdvertOfCode", "AdvertOfCode.csproj", "{52811B8C-1A9D-4103-BD16-90A363F08477}"
EndProject
Global
	GlobalSection(SolutionConfigurationPlatforms) = preSolution
		Debug|Any CPU = Debug|Any CPU
		Release|Any CPU = Release|Any CPU
	EndGlobalSection
	GlobalSection(ProjectConfigurationPlatforms) = postSolution
		{52811B8C-1A9D-4103-BD16-90A363F08477}.Debug|Any CPU.ActiveCfg = Debug|Any CPU
		{52811B8C-1A9D-4103-BD16-90A363F08477}.Debug|Any CPU.Build.0 = Debug|Any CPU
		{52811B8C-1A9D-4103-BD16-90A363F08477}.Release|Any CPU.ActiveCfg = Release|Any CPU
		{52811B8C-1A9D-4103-BD16-90A363F08477}.Release|Any CPU.Build.0 = Release|Any CPU
	EndGlobalSection
	GlobalSection(SolutionProperties) = preSolution
		HideSolutionNode = FALSE
	EndGlobalSection
	GlobalSection(ExtensibilityGlobals) = postSolution
		SolutionGuid = {E649FA10-68B7-4B3D-A288-9B19CC401378}
	EndGlobalSection
EndGlobal
